
Microsoft Visual Studio Solution File, Format Version 12.00
# Visual Studio Version 17
VisualStudioVersion = 17.3.32929.385
MinimumVisualStudioVersion = 10.0.40219.1
Project("{FAE04EC0-301F-11D3-BF4B-00C04F79EFBC}") = "AS2324_5G_INF_LombardiGuglielmo_API", "AS2324_5G_INF_LombardiGuglielmo_API\AS2324_5G_INF_LombardiGuglielmo_API.csproj", "{8CC2478E-10DA-4EFE-9E73-544BE933FAAD}"
EndProject
Global
	GlobalSection(SolutionConfigurationPlatforms) = preSolution
		Debug|Any CPU = Debug|Any CPU
		Release|Any CPU = Release|Any CPU
	EndGlobalSection
	GlobalSection(ProjectConfigurationPlatforms) = postSolution
		{8CC2478E-10DA-4EFE-9E73-544BE933FAAD}.Debug|Any CPU.ActiveCfg = Debug|Any CPU
		{8CC2478E-10DA-4EFE-9E73-544BE933FAAD}.Debug|Any CPU.Build.0 = Debug|Any CPU
		{8CC2478E-10DA-4EFE-9E73-544BE933FAAD}.Release|Any CPU.ActiveCfg = Release|Any CPU
		{8CC2478E-10DA-4EFE-9E73-544BE933FAAD}.Release|Any CPU.Build.0 = Release|Any CPU
	EndGlobalSection
	GlobalSection(SolutionProperties) = preSolution
		HideSolutionNode = FALSE
	EndGlobalSection
	GlobalSection(ExtensibilityGlobals) = postSolution
		SolutionGuid = {B1F6A501-373B-4E58-A579-547C5C2DE05E}
	EndGlobalSection
EndGlobal
